
Microsoft Visual Studio Solution File, Format Version 12.00
# Visual Studio Version 17
VisualStudioVersion = 17.9.34728.123
MinimumVisualStudioVersion = 10.0.40219.1
Project("{FAE04EC0-301F-11D3-BF4B-00C04F79EFBC}") = "RegionSyd", "RegionSyd.csproj", "{01A37E5D-54CC-4522-A426-48AD21B5C4E0}"
EndProject
Global
	GlobalSection(SolutionConfigurationPlatforms) = preSolution
		Debug|Any CPU = Debug|Any CPU
		Release|Any CPU = Release|Any CPU
	EndGlobalSection
	GlobalSection(ProjectConfigurationPlatforms) = postSolution
		{01A37E5D-54CC-4522-A426-48AD21B5C4E0}.Debug|Any CPU.ActiveCfg = Debug|Any CPU
		{01A37E5D-54CC-4522-A426-48AD21B5C4E0}.Debug|Any CPU.Build.0 = Debug|Any CPU
		{01A37E5D-54CC-4522-A426-48AD21B5C4E0}.Release|Any CPU.ActiveCfg = Release|Any CPU
		{01A37E5D-54CC-4522-A426-48AD21B5C4E0}.Release|Any CPU.Build.0 = Release|Any CPU
	EndGlobalSection
	GlobalSection(SolutionProperties) = preSolution
		HideSolutionNode = FALSE
	EndGlobalSection
	GlobalSection(ExtensibilityGlobals) = postSolution
		SolutionGuid = {3F2A3911-8974-490E-AF1E-8378AEC20AAD}
	EndGlobalSection
EndGlobal
